
Microsoft Visual Studio Solution File, Format Version 12.00
Project("{FAE04EC0-301F-11D3-BF4B-00C04F79EFBC}") = "TestReportDocker", "TestReportDocker\TestReportDocker.csproj", "{FAF69825-B9EC-4A32-B7A3-B9E1EF11C3F4}"
EndProject
Global
	GlobalSection(SolutionConfigurationPlatforms) = preSolution
		Debug|Any CPU = Debug|Any CPU
		Release|Any CPU = Release|Any CPU
	EndGlobalSection
	GlobalSection(ProjectConfigurationPlatforms) = postSolution
		{FAF69825-B9EC-4A32-B7A3-B9E1EF11C3F4}.Debug|Any CPU.ActiveCfg = Debug|Any CPU
		{FAF69825-B9EC-4A32-B7A3-B9E1EF11C3F4}.Debug|Any CPU.Build.0 = Debug|Any CPU
		{FAF69825-B9EC-4A32-B7A3-B9E1EF11C3F4}.Release|Any CPU.ActiveCfg = Release|Any CPU
		{FAF69825-B9EC-4A32-B7A3-B9E1EF11C3F4}.Release|Any CPU.Build.0 = Release|Any CPU
	EndGlobalSection
EndGlobal
